
Microsoft Visual Studio Solution File, Format Version 12.00
# Visual Studio 15
VisualStudioVersion = 15.0.27703.2042
MinimumVisualStudioVersion = 10.0.40219.1
Project("{FAE04EC0-301F-11D3-BF4B-00C04F79EFBC}") = "BastionRandomizer", "BastionRandomizer\BastionRandomizer.csproj", "{6E2A5E1E-0DA2-43C4-B4DF-D84B630F80E1}"
EndProject
Global
	GlobalSection(SolutionConfigurationPlatforms) = preSolution
		Debug|Any CPU = Debug|Any CPU
		Release|Any CPU = Release|Any CPU
	EndGlobalSection
	GlobalSection(ProjectConfigurationPlatforms) = postSolution
		{6E2A5E1E-0DA2-43C4-B4DF-D84B630F80E1}.Debug|Any CPU.ActiveCfg = Debug|Any CPU
		{6E2A5E1E-0DA2-43C4-B4DF-D84B630F80E1}.Debug|Any CPU.Build.0 = Debug|Any CPU
		{6E2A5E1E-0DA2-43C4-B4DF-D84B630F80E1}.Release|Any CPU.ActiveCfg = Release|Any CPU
		{6E2A5E1E-0DA2-43C4-B4DF-D84B630F80E1}.Release|Any CPU.Build.0 = Release|Any CPU
	EndGlobalSection
	GlobalSection(SolutionProperties) = preSolution
		HideSolutionNode = FALSE
	EndGlobalSection
	GlobalSection(ExtensibilityGlobals) = postSolution
		SolutionGuid = {8FB64343-94A5-4BD0-909E-E80EF66F3BCE}
	EndGlobalSection
EndGlobal
